
Microsoft Visual Studio Solution File, Format Version 12.00
# Visual Studio Version 17
VisualStudioVersion = 17.0.31903.59
MinimumVisualStudioVersion = 10.0.40219.1
Project("{FAE04EC0-301F-11D3-BF4B-00C04F79EFBC}") = "Application", "Application\Application.csproj", "{A8A0334E-5150-4157-987C-E11E1880BC45}"
EndProject
Project("{FAE04EC0-301F-11D3-BF4B-00C04F79EFBC}") = "Api", "Api\Api.csproj", "{B99882A8-AEFD-47FC-A98A-884B56952D78}"
EndProject
Project("{FAE04EC0-301F-11D3-BF4B-00C04F79EFBC}") = "Domain", "Domain\Domain.csproj", "{21993416-41DA-40EA-B940-00334220DE7E}"
EndProject
Project("{FAE04EC0-301F-11D3-BF4B-00C04F79EFBC}") = "Infrastructure", "Infrastructure\Infrastructure.csproj", "{43B97770-3C6B-4B08-AECA-5F15D1FC786E}"
EndProject
Project("{FAE04EC0-301F-11D3-BF4B-00C04F79EFBC}") = "Test", "Test\Test.csproj", "{53EBFFF0-5ECC-47E1-80B7-420342B5798A}"
EndProject
Global
	GlobalSection(SolutionConfigurationPlatforms) = preSolution
		Debug|Any CPU = Debug|Any CPU
		Release|Any CPU = Release|Any CPU
	EndGlobalSection
	GlobalSection(SolutionProperties) = preSolution
		HideSolutionNode = FALSE
	EndGlobalSection
	GlobalSection(ProjectConfigurationPlatforms) = postSolution
		{A8A0334E-5150-4157-987C-E11E1880BC45}.Debug|Any CPU.ActiveCfg = Debug|Any CPU
		{A8A0334E-5150-4157-987C-E11E1880BC45}.Debug|Any CPU.Build.0 = Debug|Any CPU
		{A8A0334E-5150-4157-987C-E11E1880BC45}.Release|Any CPU.ActiveCfg = Release|Any CPU
		{A8A0334E-5150-4157-987C-E11E1880BC45}.Release|Any CPU.Build.0 = Release|Any CPU
		{B99882A8-AEFD-47FC-A98A-884B56952D78}.Debug|Any CPU.ActiveCfg = Debug|Any CPU
		{B99882A8-AEFD-47FC-A98A-884B56952D78}.Debug|Any CPU.Build.0 = Debug|Any CPU
		{B99882A8-AEFD-47FC-A98A-884B56952D78}.Release|Any CPU.ActiveCfg = Release|Any CPU
		{B99882A8-AEFD-47FC-A98A-884B56952D78}.Release|Any CPU.Build.0 = Release|Any CPU
		{8A553BCF-C9DA-4A77-A704-DE36E6BC304A}.Debug|Any CPU.ActiveCfg = Debug|Any CPU
		{8A553BCF-C9DA-4A77-A704-DE36E6BC304A}.Debug|Any CPU.Build.0 = Debug|Any CPU
		{8A553BCF-C9DA-4A77-A704-DE36E6BC304A}.Release|Any CPU.ActiveCfg = Release|Any CPU
		{8A553BCF-C9DA-4A77-A704-DE36E6BC304A}.Release|Any CPU.Build.0 = Release|Any CPU
		{21993416-41DA-40EA-B940-00334220DE7E}.Debug|Any CPU.ActiveCfg = Debug|Any CPU
		{21993416-41DA-40EA-B940-00334220DE7E}.Debug|Any CPU.Build.0 = Debug|Any CPU
		{21993416-41DA-40EA-B940-00334220DE7E}.Release|Any CPU.ActiveCfg = Release|Any CPU
		{21993416-41DA-40EA-B940-00334220DE7E}.Release|Any CPU.Build.0 = Release|Any CPU
		{43B97770-3C6B-4B08-AECA-5F15D1FC786E}.Debug|Any CPU.ActiveCfg = Debug|Any CPU
		{43B97770-3C6B-4B08-AECA-5F15D1FC786E}.Debug|Any CPU.Build.0 = Debug|Any CPU
		{43B97770-3C6B-4B08-AECA-5F15D1FC786E}.Release|Any CPU.ActiveCfg = Release|Any CPU
		{43B97770-3C6B-4B08-AECA-5F15D1FC786E}.Release|Any CPU.Build.0 = Release|Any CPU
		{53EBFFF0-5ECC-47E1-80B7-420342B5798A}.Debug|Any CPU.ActiveCfg = Debug|Any CPU
		{53EBFFF0-5ECC-47E1-80B7-420342B5798A}.Debug|Any CPU.Build.0 = Debug|Any CPU
		{53EBFFF0-5ECC-47E1-80B7-420342B5798A}.Release|Any CPU.ActiveCfg = Release|Any CPU
		{53EBFFF0-5ECC-47E1-80B7-420342B5798A}.Release|Any CPU.Build.0 = Release|Any CPU
	EndGlobalSection
EndGlobal
